
Microsoft Visual Studio Solution File, Format Version 12.00
# Visual Studio 15
VisualStudioVersion = 15.0.28010.2041
MinimumVisualStudioVersion = 10.0.40219.1
Project("{8BC9CEB8-8B4A-11D0-8D11-00A0C91BC942}") = "Fractional knapsack problem", "Fractional knapsack problem\Fractional knapsack problem.vcxproj", "{FA7AEA61-8A3C-469A-8A5F-D88C89DA5211}"
EndProject
Project("{8BC9CEB8-8B4A-11D0-8D11-00A0C91BC942}") = "Activity selection problem", "Activity selection problem\Activity selection problem.vcxproj", "{C718E700-DC45-429F-B10A-95354BDB76D7}"
EndProject
Project("{8BC9CEB8-8B4A-11D0-8D11-00A0C91BC942}") = "Graph", "Graph\Graph.vcxproj", "{AC133A75-4DE1-4C57-BCF7-2B34274694D1}"
EndProject
Global
	GlobalSection(SolutionConfigurationPlatforms) = preSolution
		Debug|x64 = Debug|x64
		Debug|x86 = Debug|x86
		Release|x64 = Release|x64
		Release|x86 = Release|x86
	EndGlobalSection
	GlobalSection(ProjectConfigurationPlatforms) = postSolution
		{FA7AEA61-8A3C-469A-8A5F-D88C89DA5211}.Debug|x64.ActiveCfg = Debug|x64
		{FA7AEA61-8A3C-469A-8A5F-D88C89DA5211}.Debug|x64.Build.0 = Debug|x64
		{FA7AEA61-8A3C-469A-8A5F-D88C89DA5211}.Debug|x86.ActiveCfg = Debug|Win32
		{FA7AEA61-8A3C-469A-8A5F-D88C89DA5211}.Debug|x86.Build.0 = Debug|Win32
		{FA7AEA61-8A3C-469A-8A5F-D88C89DA5211}.Release|x64.ActiveCfg = Release|x64
		{FA7AEA61-8A3C-469A-8A5F-D88C89DA5211}.Release|x64.Build.0 = Release|x64
		{FA7AEA61-8A3C-469A-8A5F-D88C89DA5211}.Release|x86.ActiveCfg = Release|Win32
		{FA7AEA61-8A3C-469A-8A5F-D88C89DA5211}.Release|x86.Build.0 = Release|Win32
		{C718E700-DC45-429F-B10A-95354BDB76D7}.Debug|x64.ActiveCfg = Debug|x64
		{C718E700-DC45-429F-B10A-95354BDB76D7}.Debug|x64.Build.0 = Debug|x64
		{C718E700-DC45-429F-B10A-95354BDB76D7}.Debug|x86.ActiveCfg = Debug|Win32
		{C718E700-DC45-429F-B10A-95354BDB76D7}.Debug|x86.Build.0 = Debug|Win32
		{C718E700-DC45-429F-B10A-95354BDB76D7}.Release|x64.ActiveCfg = Release|x64
		{C718E700-DC45-429F-B10A-95354BDB76D7}.Release|x64.Build.0 = Release|x64
		{C718E700-DC45-429F-B10A-95354BDB76D7}.Release|x86.ActiveCfg = Release|Win32
		{C718E700-DC45-429F-B10A-95354BDB76D7}.Release|x86.Build.0 = Release|Win32
		{AC133A75-4DE1-4C57-BCF7-2B34274694D1}.Debug|x64.ActiveCfg = Debug|x64
		{AC133A75-4DE1-4C57-BCF7-2B34274694D1}.Debug|x64.Build.0 = Debug|x64
		{AC133A75-4DE1-4C57-BCF7-2B34274694D1}.Debug|x86.ActiveCfg = Debug|Win32
		{AC133A75-4DE1-4C57-BCF7-2B34274694D1}.Debug|x86.Build.0 = Debug|Win32
		{AC133A75-4DE1-4C57-BCF7-2B34274694D1}.Release|x64.ActiveCfg = Release|x64
		{AC133A75-4DE1-4C57-BCF7-2B34274694D1}.Release|x64.Build.0 = Release|x64
		{AC133A75-4DE1-4C57-BCF7-2B34274694D1}.Release|x86.ActiveCfg = Release|Win32
		{AC133A75-4DE1-4C57-BCF7-2B34274694D1}.Release|x86.Build.0 = Release|Win32
	EndGlobalSection
	GlobalSection(SolutionProperties) = preSolution
		HideSolutionNode = FALSE
	EndGlobalSection
	GlobalSection(ExtensibilityGlobals) = postSolution
		SolutionGuid = {BD61E025-94F8-448E-BB75-3EEA9B99D831}
	EndGlobalSection
EndGlobal
